
Microsoft Visual Studio Solution File, Format Version 12.00
# Visual Studio Version 17
VisualStudioVersion = 17.6.33723.286
MinimumVisualStudioVersion = 10.0.40219.1
Project("{FAE04EC0-301F-11D3-BF4B-00C04F79EFBC}") = "ComparableProject", "ComparableProject\ComparableProject.csproj", "{4FF34125-7E06-464A-A7D0-036154F9B63C}"
EndProject
Global
	GlobalSection(SolutionConfigurationPlatforms) = preSolution
		Debug|Any CPU = Debug|Any CPU
		Release|Any CPU = Release|Any CPU
	EndGlobalSection
	GlobalSection(ProjectConfigurationPlatforms) = postSolution
		{4FF34125-7E06-464A-A7D0-036154F9B63C}.Debug|Any CPU.ActiveCfg = Debug|Any CPU
		{4FF34125-7E06-464A-A7D0-036154F9B63C}.Debug|Any CPU.Build.0 = Debug|Any CPU
		{4FF34125-7E06-464A-A7D0-036154F9B63C}.Release|Any CPU.ActiveCfg = Release|Any CPU
		{4FF34125-7E06-464A-A7D0-036154F9B63C}.Release|Any CPU.Build.0 = Release|Any CPU
	EndGlobalSection
	GlobalSection(SolutionProperties) = preSolution
		HideSolutionNode = FALSE
	EndGlobalSection
	GlobalSection(ExtensibilityGlobals) = postSolution
		SolutionGuid = {BD63D873-708A-4696-920D-5E4F6072F39A}
	EndGlobalSection
EndGlobal
